
Microsoft Visual Studio Solution File, Format Version 12.00
# Visual Studio 15
VisualStudioVersion = 15.0.28307.106
MinimumVisualStudioVersion = 10.0.40219.1
Project("{FAE04EC0-301F-11D3-BF4B-00C04F79EFBC}") = "FindingAMedicalHome_1", "FindingAMedicalHome_1\FindingAMedicalHome_1.csproj", "{74F6AA24-F986-458F-A02B-DDB69103186E}"
EndProject
Global
	GlobalSection(SolutionConfigurationPlatforms) = preSolution
		Debug|Any CPU = Debug|Any CPU
		Release|Any CPU = Release|Any CPU
	EndGlobalSection
	GlobalSection(ProjectConfigurationPlatforms) = postSolution
		{74F6AA24-F986-458F-A02B-DDB69103186E}.Debug|Any CPU.ActiveCfg = Debug|Any CPU
		{74F6AA24-F986-458F-A02B-DDB69103186E}.Debug|Any CPU.Build.0 = Debug|Any CPU
		{74F6AA24-F986-458F-A02B-DDB69103186E}.Release|Any CPU.ActiveCfg = Release|Any CPU
		{74F6AA24-F986-458F-A02B-DDB69103186E}.Release|Any CPU.Build.0 = Release|Any CPU
	EndGlobalSection
	GlobalSection(SolutionProperties) = preSolution
		HideSolutionNode = FALSE
	EndGlobalSection
	GlobalSection(ExtensibilityGlobals) = postSolution
		SolutionGuid = {35860D6C-CAE8-4A80-95B7-B29D3E044FB8}
	EndGlobalSection
EndGlobal
